# Generated by buf. DO NOT EDIT.
version: v1
deps:
  - remote: buf.build
    owner: cosmos
    repository: cosmos-proto
    commit: 04467658e59e44bbb22fe568206e1f70
    digest: shake256:73a640bd60e0c523b0f8237ff34eab67c45a38b64bbbde1d80224819d272dbf316ac183526bd245f994af6608b025f5130483d0133c5edd385531326b5990466
  - remote: buf.build
    owner: cosmos
    repository: cosmos-sdk
    commit: 954f7b05f38440fc8250134b15adec47
    digest: shake256:2ab4404fd04a7d1d52df0e2d0f2d477a3d83ffd88d876957bf3fedfd702c8e52833d65b3ce1d89a3c5adf2aab512616b0e4f51d8463f07eda9a8a3317ee3ac54
  - remote: buf.build
    owner: cosmos
    repository: gogo-proto
    commit: 88ef6483f90f478fb938c37dde52ece3
    digest: shake256:89c45df2aa11e0cff97b0d695436713db3d993d76792e9f8dc1ae90e6ab9a9bec55503d48ceedd6b86069ab07d3041b32001b2bfe0227fa725dd515ff381e5ba
  - remote: buf.build
    owner: cosmos
    repository: ibc
    commit: c159402ffeef4c21a7f9f0643817ae0d
    digest: shake256:694e3f5a1d469798bb6cb3510f6f489e10d9309d1f2e8f7a369a776947602195f13ab65972d2d586a1134978b6a6fa28a43e5d7710ef5032ba0c7fbbe6038f08
  - remote: buf.build
    owner: cosmos
    repository: ics23
    commit: 55085f7c710a45f58fa09947208eb70b
    digest: shake256:9bf0bc495b5a11c88d163d39ef521bc4b00bc1374a05758c91d82821bdc61f09e8c2c51dda8452529bf80137f34d852561eacbe9550a59015d51cecb0dacb628
  - remote: buf.build
    owner: googleapis
    repository: googleapis
    commit: 8bc2c51e08c447cd8886cdea48a73e14
    digest: shake256:a969155953a5cedc5b2df5b42c368f2bc66ff8ce1804bc96e0f14ff2ee8a893687963058909df844d1643cdbc98ff099d2daa6bc9f9f5b8886c49afdc60e19af
